
Microsoft Visual Studio Solution File, Format Version 11.00
# Visual Studio 2010
Project("{8BC9CEB8-8B4A-11D0-8D11-00A0C91BC942}") = "snmp_api", "snmp_api.vcxproj", "{BF5330D1-CC06-8B02-4476-1E87B52DCD1B}"
EndProject
Global
	GlobalSection(SolutionConfigurationPlatforms) = preSolution
		Debug|Win32 = Debug|Win32
		Release|Win32 = Release|Win32
		Template|Win32 = Template|Win32
	EndGlobalSection
	GlobalSection(ProjectConfigurationPlatforms) = postSolution
		{BF5330D1-CC06-8B02-4476-1E87B52DCD1B}.Debug|Win32.ActiveCfg = Debug|Win32
		{BF5330D1-CC06-8B02-4476-1E87B52DCD1B}.Debug|Win32.Build.0 = Debug|Win32
		{BF5330D1-CC06-8B02-4476-1E87B52DCD1B}.Release|Win32.ActiveCfg = Release|Win32
		{BF5330D1-CC06-8B02-4476-1E87B52DCD1B}.Release|Win32.Build.0 = Release|Win32
		{BF5330D1-CC06-8B02-4476-1E87B52DCD1B}.Template|Win32.ActiveCfg = Template|Win32
		{BF5330D1-CC06-8B02-4476-1E87B52DCD1B}.Template|Win32.Build.0 = Template|Win32
	EndGlobalSection
	GlobalSection(SolutionProperties) = preSolution
		HideSolutionNode = FALSE
	EndGlobalSection
EndGlobal
