
Microsoft Visual Studio Solution File, Format Version 11.00
# Visual Studio 2010
Project("{8BC9CEB8-8B4A-11D0-8D11-00A0C91BC942}") = "omc", "omc.vcxproj", "{B07C5FF6-6AD0-481C-81B3-3F8D5CCDD27A}"
EndProject
Project("{8BC9CEB8-8B4A-11D0-8D11-00A0C91BC942}") = "pdb", "..\pdb\pdb_no_oracle.vcxproj", "{628F091B-BB09-409B-A675-29F37601FC36}"
EndProject
Project("{8BC9CEB8-8B4A-11D0-8D11-00A0C91BC942}") = "gos", "..\gos\gos.vcxproj", "{7A140FC4-091A-471E-9802-8C596396121F}"
EndProject
Project("{8BC9CEB8-8B4A-11D0-8D11-00A0C91BC942}") = "gplat", "..\gplat\gplat.vcxproj", "{AA7A0792-F833-4CAB-83A3-824E9E14584C}"
EndProject
Global
	GlobalSection(SolutionConfigurationPlatforms) = preSolution
		Debug|Win32 = Debug|Win32
		Release|Win32 = Release|Win32
	EndGlobalSection
	GlobalSection(ProjectConfigurationPlatforms) = postSolution
		{B07C5FF6-6AD0-481C-81B3-3F8D5CCDD27A}.Debug|Win32.ActiveCfg = Debug|Win32
		{B07C5FF6-6AD0-481C-81B3-3F8D5CCDD27A}.Debug|Win32.Build.0 = Debug|Win32
		{B07C5FF6-6AD0-481C-81B3-3F8D5CCDD27A}.Release|Win32.ActiveCfg = Release|Win32
		{B07C5FF6-6AD0-481C-81B3-3F8D5CCDD27A}.Release|Win32.Build.0 = Release|Win32
		{628F091B-BB09-409B-A675-29F37601FC36}.Debug|Win32.ActiveCfg = Debug|Win32
		{628F091B-BB09-409B-A675-29F37601FC36}.Debug|Win32.Build.0 = Debug|Win32
		{628F091B-BB09-409B-A675-29F37601FC36}.Release|Win32.ActiveCfg = Release|Win32
		{628F091B-BB09-409B-A675-29F37601FC36}.Release|Win32.Build.0 = Release|Win32
		{7A140FC4-091A-471E-9802-8C596396121F}.Debug|Win32.ActiveCfg = Debug|Win32
		{7A140FC4-091A-471E-9802-8C596396121F}.Debug|Win32.Build.0 = Debug|Win32
		{7A140FC4-091A-471E-9802-8C596396121F}.Release|Win32.ActiveCfg = Release|Win32
		{7A140FC4-091A-471E-9802-8C596396121F}.Release|Win32.Build.0 = Release|Win32
		{AA7A0792-F833-4CAB-83A3-824E9E14584C}.Debug|Win32.ActiveCfg = Debug|Win32
		{AA7A0792-F833-4CAB-83A3-824E9E14584C}.Debug|Win32.Build.0 = Debug|Win32
		{AA7A0792-F833-4CAB-83A3-824E9E14584C}.Release|Win32.ActiveCfg = Release|Win32
		{AA7A0792-F833-4CAB-83A3-824E9E14584C}.Release|Win32.Build.0 = Release|Win32
	EndGlobalSection
	GlobalSection(SolutionProperties) = preSolution
		HideSolutionNode = FALSE
	EndGlobalSection
EndGlobal
